lockfileVersion: '9.0'

settings:
  autoInstallPeers: true
  excludeLinksFromLockfile: false

overrides:
  monaco-editor: 0.55.1

pnpmfileChecksum: sha256-IV/a5nDtApptjchVFShjgy2zhastShRIn1UdoiAUEIA=

importers:

  .:
    devDependencies:
      monaco-editor:
        specifier: 0.55.1
        version: 0.55.1
      monaco-markdown:
        specifier: ^0.0.12
        version: 0.0.12

packages:

  '@types/trusted-types@2.0.7':
    resolution: {integrity: sha512-ScaPdn1dQczgbl0QFTeTOmVHFULt394XJgOQNoyVhZ6r2vLnMLJfBPd53SB52T/3G36VI1/g2MZaX0cwDuXsfw==}

  dompurify@3.2.7:
    resolution: {integrity: sha512-WhL/YuveyGXJaerVlMYGWhvQswa7myDG17P7Vu65EWC05o8vfeNbvNf4d/BOvH99+ZW+LlQsc1GDKMa1vNK6dw==}

  marked@14.0.0:
    resolution: {integrity: sha512-uIj4+faQ+MgHgwUW1l2PsPglZLOLOT1uErt06dAPtx2kjteLAkbsd/0FiYg/MGS+i7ZKLb7w2WClxHkzOOuryQ==}
    engines: {node: '>= 18'}
    hasBin: true

  monaco-editor@0.55.1:
    resolution: {integrity: sha512-jz4x+TJNFHwHtwuV9vA9rMujcZRb0CEilTEwG2rRSpe/A7Jdkuj8xPKttCgOh+v/lkHy7HsZ64oj+q3xoAFl9A==}

  monaco-markdown@0.0.12:
    resolution: {integrity: sha512-KkGheL2pUazZJY2DfBqpHuMQOjILkbYGNtF5MzpT3ZWupKjunkpL7ByKTllBQGKKcVNt5nuRHl7YsKFskWlc6Q==}

  string-similarity@3.0.0:
    resolution: {integrity: sha512-7kS7LyTp56OqOI2BDWQNVnLX/rCxIQn+/5M0op1WV6P8Xx6TZNdajpuqQdiJ7Xx+p1C5CsWMvdiBp9ApMhxzEQ==}
    deprecated: Package no longer supported. Contact Support at https://www.npmjs.com/support for more info.

snapshots:

  '@types/trusted-types@2.0.7':
    optional: true

  dompurify@3.2.7:
    optionalDependencies:
      '@types/trusted-types': 2.0.7

  marked@14.0.0: {}

  monaco-editor@0.55.1:
    dependencies:
      dompurify: 3.2.7
      marked: 14.0.0

  monaco-markdown@0.0.12:
    dependencies:
      monaco-editor: 0.55.1
      string-similarity: 3.0.0

  string-similarity@3.0.0: {}
